
Microsoft Visual Studio Solution File, Format Version 12.00
# Visual Studio Version 17
VisualStudioVersion = 17.2.32516.85
MinimumVisualStudioVersion = 10.0.40219.1
Project("{FAE04EC0-301F-11D3-BF4B-00C04F79EFBC}") = "ProgressiveWebApp.Server", "Server\ProgressiveWebApp.Server.csproj", "{5DB0B23B-C73E-40A8-9B89-60D6F216A773}"
EndProject
Project("{FAE04EC0-301F-11D3-BF4B-00C04F79EFBC}") = "ProgressiveWebApp.Client", "Client\ProgressiveWebApp.Client.csproj", "{6688F7EE-1E29-4DA2-ACCC-6502D8BCE857}"
EndProject
Project("{FAE04EC0-301F-11D3-BF4B-00C04F79EFBC}") = "ProgressiveWebApp.Shared", "Shared\ProgressiveWebApp.Shared.csproj", "{AD73623B-AEA6-41C3-825F-800003A424C9}"
EndProject
Global
	GlobalSection(SolutionConfigurationPlatforms) = preSolution
		Debug|Any CPU = Debug|Any CPU
		Release|Any CPU = Release|Any CPU
	EndGlobalSection
	GlobalSection(ProjectConfigurationPlatforms) = postSolution
		{5DB0B23B-C73E-40A8-9B89-60D6F216A773}.Debug|Any CPU.ActiveCfg = Debug|Any CPU
		{5DB0B23B-C73E-40A8-9B89-60D6F216A773}.Debug|Any CPU.Build.0 = Debug|Any CPU
		{5DB0B23B-C73E-40A8-9B89-60D6F216A773}.Release|Any CPU.ActiveCfg = Release|Any CPU
		{5DB0B23B-C73E-40A8-9B89-60D6F216A773}.Release|Any CPU.Build.0 = Release|Any CPU
		{6688F7EE-1E29-4DA2-ACCC-6502D8BCE857}.Debug|Any CPU.ActiveCfg = Debug|Any CPU
		{6688F7EE-1E29-4DA2-ACCC-6502D8BCE857}.Debug|Any CPU.Build.0 = Debug|Any CPU
		{6688F7EE-1E29-4DA2-ACCC-6502D8BCE857}.Release|Any CPU.ActiveCfg = Release|Any CPU
		{6688F7EE-1E29-4DA2-ACCC-6502D8BCE857}.Release|Any CPU.Build.0 = Release|Any CPU
		{AD73623B-AEA6-41C3-825F-800003A424C9}.Debug|Any CPU.ActiveCfg = Debug|Any CPU
		{AD73623B-AEA6-41C3-825F-800003A424C9}.Debug|Any CPU.Build.0 = Debug|Any CPU
		{AD73623B-AEA6-41C3-825F-800003A424C9}.Release|Any CPU.ActiveCfg = Release|Any CPU
		{AD73623B-AEA6-41C3-825F-800003A424C9}.Release|Any CPU.Build.0 = Release|Any CPU
	EndGlobalSection
	GlobalSection(SolutionProperties) = preSolution
		HideSolutionNode = FALSE
	EndGlobalSection
	GlobalSection(ExtensibilityGlobals) = postSolution
		SolutionGuid = {0D04B64A-4DE6-4713-9DC4-F0FD9BBE4A72}
	EndGlobalSection
EndGlobal
